// !$*UTF8*$!
{
	archiveVersion = 1;
	classes = {
	};
	objectVersion = 46;
	objects = {

/* Begin PBXBuildFile section */
		6A0185E71D43161C00D38ABF /* main.mm in Sources */ = {isa = PBXBuildFile; fileRef = 6A0185E61D43161C00D38ABF /* main.mm */; };
		6A0185F31D431B8E00D38ABF /* IOKit.framework in Frameworks */ = {isa = PBXBuildFile; fileRef = 6A0185ED1D4316F800D38ABF /* IOKit.framework */; };
		6A0185F41D431B9500D38ABF /* AppKit.framework in Frameworks */ = {isa = PBXBuildFile; fileRef = 6A0185F11D431B6E00D38ABF /* AppKit.framework */; };
		6A32C9911D437D0D005AB58A /* QuartzCore.framework in Frameworks */ = {isa = PBXBuildFile; fileRef = 6A32C9901D437D0D005AB58A /* QuartzCore.framework */; };
/* End PBXBuildFile section */

/* Begin PBXCopyFilesBuildPhase section */
		6A0185E11D43161C00D38ABF /* CopyFiles */ = {
			isa = PBXCopyFilesBuildPhase;
			buildActionMask = 2147483647;
			dstPath = /usr/share/man/man1/;
			dstSubfolderSpec = 0;
			files = (
			);
			runOnlyForDeploymentPostprocessing = 1;
		};
/* End PBXCopyFilesBuildPhase section */

/* Begin PBXFileReference section */
		6A0185E31D43161C00D38ABF /* rumblemouse */ = {isa = PBXFileReference; explicitFileType = "compiled.mach-o.executable"; includeInIndex = 0; path = rumblemouse; sourceTree = BUILT_PRODUCTS_DIR; };
		6A0185E61D43161C00D38ABF /* main.mm */ = {isa = PBXFileReference; lastKnownFileType = sourcecode.cpp.objcpp; path = main.mm; sourceTree = "<group>"; };
		6A0185ED1D4316F800D38ABF /* IOKit.framework */ = {isa = PBXFileReference; lastKnownFileType = wrapper.framework; name = IOKit.framework; path = System/Library/Frameworks/IOKit.framework; sourceTree = SDKROOT; };
		6A0185F11D431B6E00D38ABF /* AppKit.framework */ = {isa = PBXFileReference; lastKnownFileType = wrapper.framework; name = AppKit.framework; path = System/Library/Frameworks/AppKit.framework; sourceTree = SDKROOT; };
		6A32C9901D437D0D005AB58A /* QuartzCore.framework */ = {isa = PBXFileReference; lastKnownFileType = wrapper.framework; name = QuartzCore.framework; path = System/Library/Frameworks/QuartzCore.framework; sourceTree = SDKROOT; };
/* End PBXFileReference section */

/* Begin PBXFrameworksBuildPhase section */
		6A0185E01D43161C00D38ABF /* Frameworks */ = {
			isa = PBXFrameworksBuildPhase;
			buildActionMask = 2147483647;
			files = (
				6A32C9911D437D0D005AB58A /* QuartzCore.framework in Frameworks */,
				6A0185F41D431B9500D38ABF /* AppKit.framework in Frameworks */,
				6A0185F31D431B8E00D38ABF /* IOKit.framework in Frameworks */,
			);
			runOnlyForDeploymentPostprocessing = 0;
		};
/* End PBXFrameworksBuildPhase section */

/* Begin PBXGroup section */
		6A0185DA1D43161C00D38ABF = {
			isa = PBXGroup;
			children = (
				6A32C9901D437D0D005AB58A /* QuartzCore.framework */,
				6A0185F11D431B6E00D38ABF /* AppKit.framework */,
				6A0185ED1D4316F800D38ABF /* IOKit.framework */,
				6A0185E51D43161C00D38ABF /* rumblemouse */,
				6A0185E41D43161C00D38ABF /* Products */,
			);
			sourceTree = "<group>";
		};
		6A0185E41D43161C00D38ABF /* Products */ = {
			isa = PBXGroup;
			children = (
				6A0185E31D43161C00D38ABF /* rumblemouse */,
			);
			name = Products;
			sourceTree = "<group>";
		};
		6A0185E51D43161C00D38ABF /* rumblemouse */ = {
			isa = PBXGroup;
			children = (
				6A0185E61D43161C00D38ABF /* main.mm */,
			);
			path = rumblemouse;
			sourceTree = "<group>";
		};
/* End PBXGroup section */

/* Begin PBXNativeTarget section */
		6A0185E21D43161C00D38ABF /* rumblemouse */ = {
			isa = PBXNativeTarget;
			buildConfigurationList = 6A0185EA1D43161C00D38ABF /* Build configuration list for PBXNativeTarget "rumblemouse" */;
			buildPhases = (
				6A0185DF1D43161C00D38ABF /* Sources */,
				6A0185E01D43161C00D38ABF /* Frameworks */,
				6A0185E11D43161C00D38ABF /* CopyFiles */,
			);
			buildRules = (
			);
			dependencies = (
			);
			name = rumblemouse;
			productName = rumblemouse;
			productReference = 6A0185E31D43161C00D38ABF /* rumblemouse */;
			productType = "com.apple.product-type.tool";
		};
/* End PBXNativeTarget section */

/* Begin PBXProject section */
		6A0185DB1D43161C00D38ABF /* Project object */ = {
			isa = PBXProject;
			attributes = {
				LastUpgradeCheck = 0730;
				ORGANIZATIONNAME = usp;
				TargetAttributes = {
					6A0185E21D43161C00D38ABF = {
						CreatedOnToolsVersion = 7.3.1;
					};
				};
			};
			buildConfigurationList = 6A0185DE1D43161C00D38ABF /* Build configuration list for PBXProject "rumblemouse" */;
			compatibilityVersion = "Xcode 3.2";
			developmentRegion = English;
			hasScannedForEncodings = 0;
			knownRegions = (
				en,
			);
			mainGroup = 6A0185DA1D43161C00D38ABF;
			productRefGroup = 6A0185E41D43161C00D38ABF /* Products */;
			projectDirPath = "";
			projectRoot = "";
			targets = (
				6A0185E21D43161C00D38ABF /* rumblemouse */,
			);
		};
/* End PBXProject section */

/* Begin PBXSourcesBuildPhase section */
		6A0185DF1D43161C00D38ABF /* Sources */ = {
			isa = PBXSourcesBuildPhase;
			buildActionMask = 2147483647;
			files = (
				6A0185E71D43161C00D38ABF /* main.mm in Sources */,
			);
			runOnlyForDeploymentPostprocessing = 0;
		};
/* End PBXSourcesBuildPhase section */

/* Begin XCBuildConfiguration section */
		6A0185E81D43161C00D38ABF /* Debug */ = {
			isa = XCBuildConfiguration;
			buildSettings = {
				ALWAYS_SEARCH_USER_PATHS = NO;
				CLANG_ANALYZER_NONNULL = YES;
				CLANG_CXX_LANGUAGE_STANDARD = "gnu++0x";
				CLANG_CXX_LIBRARY = "libc++";
				CLANG_ENABLE_MODULES = YES;
				CLANG_ENABLE_OBJC_ARC = YES;
				CLANG_WARN_BOOL_CONVERSION = YES;
				CLANG_WARN_CONSTANT_CONVERSION = YES;
				CLANG_WARN_DIRECT_OBJC_ISA_USAGE = YES_ERROR;
				CLANG_WARN_EMPTY_BODY = YES;
				CLANG_WARN_ENUM_CONVERSION = YES;
				CLANG_WARN_INT_CONVERSION = YES;
				CLANG_WARN_OBJC_ROOT_CLASS = YES_ERROR;
				CLANG_WARN_UNREACHABLE_CODE = YES;
				CLANG_WARN__DUPLICATE_METHOD_MATCH = YES;
				CODE_SIGN_IDENTITY = "-";
				COPY_PHASE_STRIP = NO;
				DEBUG_INFORMATION_FORMAT = dwarf;
				ENABLE_STRICT_OBJC_MSGSEND = YES;
				ENABLE_TESTABILITY = YES;
				GCC_C_LANGUAGE_STANDARD = gnu99;
				GCC_DYNAMIC_NO_PIC = NO;
				GCC_NO_COMMON_BLOCKS = YES;
				GCC_OPTIMIZATION_LEVEL = 0;
				GCC_PREPROCESSOR_DEFINITIONS = (
					"DEBUG=1",
					"$(inherited)",
				);
				GCC_WARN_64_TO_32_BIT_CONVERSION = YES;
				GCC_WARN_ABOUT_RETURN_TYPE = YES_ERROR;
				GCC_WARN_UNDECLARED_SELECTOR = YES;
				GCC_WARN_UNINITIALIZED_AUTOS = YES_AGGRESSIVE;
				GCC_WARN_UNUSED_FUNCTION = YES;
				GCC_WARN_UNUSED_VARIABLE = YES;
				MACOSX_DEPLOYMENT_TARGET = 10.11;
				MTL_ENABLE_DEBUG_INFO = YES;
				ONLY_ACTIVE_ARCH = YES;
				SDKROOT = macosx;
			};
			name = Debug;
		};
		6A0185E91D43161C00D38ABF /* Release */ = {
			isa = XCBuildConfiguration;
			buildSettings = {
				ALWAYS_SEARCH_USER_PATHS = NO;
				CLANG_ANALYZER_NONNULL = YES;
				CLANG_CXX_LANGUAGE_STANDARD = "gnu++0x";
				CLANG_CXX_LIBRARY = "libc++";
				CLANG_ENABLE_MODULES = YES;
				CLANG_ENABLE_OBJC_ARC = YES;
				CLANG_WARN_BOOL_CONVERSION = YES;
				CLANG_WARN_CONSTANT_CONVERSION = YES;
				CLANG_WARN_DIRECT_OBJC_ISA_USAGE = YES_ERROR;
				CLANG_WARN_EMPTY_BODY = YES;
				CLANG_WARN_ENUM_CONVERSION = YES;
				CLANG_WARN_INT_CONVERSION = YES;
				CLANG_WARN_OBJC_ROOT_CLASS = YES_ERROR;
				CLANG_WARN_UNREACHABLE_CODE = YES;
				CLANG_WARN__DUPLICATE_METHOD_MATCH = YES;
				CODE_SIGN_IDENTITY = "-";
				COPY_PHASE_STRIP = NO;
				DEBUG_INFORMATION_FORMAT = "dwarf-with-dsym";
				ENABLE_NS_ASSERTIONS = NO;
				ENABLE_STRICT_OBJC_MSGSEND = YES;
				GCC_C_LANGUAGE_STANDARD = gnu99;
				GCC_NO_COMMON_BLOCKS = YES;
				GCC_WARN_64_TO_32_BIT_CONVERSION = YES;
				GCC_WARN_ABOUT_RETURN_TYPE = YES_ERROR;
				GCC_WARN_UNDECLARED_SELECTOR = YES;
				GCC_WARN_UNINITIALIZED_AUTOS = YES_AGGRESSIVE;
				GCC_WARN_UNUSED_FUNCTION = YES;
				GCC_WARN_UNUSED_VARIABLE = YES;
				MACOSX_DEPLOYMENT_TARGET = 10.11;
				MTL_ENABLE_DEBUG_INFO = NO;
				SDKROOT = macosx;
			};
			name = Release;
		};
		6A0185EB1D43161C00D38ABF /* Debug */ = {
			isa = XCBuildConfiguration;
			buildSettings = {
				PRODUCT_NAME = "$(TARGET_NAME)";
			};
			name = Debug;
		};
		6A0185EC1D43161C00D38ABF /* Release */ = {
			isa = XCBuildConfiguration;
			buildSettings = {
				PRODUCT_NAME = "$(TARGET_NAME)";
			};
			name = Release;
		};
/* End XCBuildConfiguration section */

/* Begin XCConfigurationList section */
		6A0185DE1D43161C00D38ABF /* Build configuration list for PBXProject "rumblemouse" */ = {
			isa = XCConfigurationList;
			buildConfigurations = (
				6A0185E81D43161C00D38ABF /* Debug */,
				6A0185E91D43161C00D38ABF /* Release */,
			);
			defaultConfigurationIsVisible = 0;
			defaultConfigurationName = Release;
		};
		6A0185EA1D43161C00D38ABF /* Build configuration list for PBXNativeTarget "rumblemouse" */ = {
			isa = XCConfigurationList;
			buildConfigurations = (
				6A0185EB1D43161C00D38ABF /* Debug */,
				6A0185EC1D43161C00D38ABF /* Release */,
			);
			defaultConfigurationIsVisible = 0;
			defaultConfigurationName = Release;
		};
/* End XCConfigurationList section */
	};
	rootObject = 6A0185DB1D43161C00D38ABF /* Project object */;
}
